
Microsoft Visual Studio Solution File, Format Version 12.00
# Visual Studio 2013
VisualStudioVersion = 12.0.30723.0
MinimumVisualStudioVersion = 10.0.40219.1
Project("{FAE04EC0-301F-11D3-BF4B-00C04F79EFBC}") = "Vibration", "Vibration\Vibration.csproj", "{D4F9F695-ECD5-49FC-B58A-B1E0E754E159}"
EndProject
Global
	GlobalSection(SolutionConfigurationPlatforms) = preSolution
		Debug|Any CPU = Debug|Any CPU
		Release|Any CPU = Release|Any CPU
	EndGlobalSection
	GlobalSection(ProjectConfigurationPlatforms) = postSolution
		{D4F9F695-ECD5-49FC-B58A-B1E0E754E159}.Debug|Any CPU.ActiveCfg = Debug|Any CPU
		{D4F9F695-ECD5-49FC-B58A-B1E0E754E159}.Debug|Any CPU.Build.0 = Debug|Any CPU
		{D4F9F695-ECD5-49FC-B58A-B1E0E754E159}.Release|Any CPU.ActiveCfg = Release|Any CPU
		{D4F9F695-ECD5-49FC-B58A-B1E0E754E159}.Release|Any CPU.Build.0 = Release|Any CPU
	EndGlobalSection
	GlobalSection(SolutionProperties) = preSolution
		HideSolutionNode = FALSE
	EndGlobalSection
EndGlobal
